
Microsoft Visual Studio Solution File, Format Version 12.00
# Visual Studio Version 17
VisualStudioVersion = 17.3.32804.467
MinimumVisualStudioVersion = 10.0.40219.1
Project("{FAE04EC0-301F-11D3-BF4B-00C04F79EFBC}") = "TintaEspacialLucaFront.Server", "TintaEspacialLucaFront\Server\TintaEspacialLucaFront.Server.csproj", "{F73EF163-EFA4-4171-8906-66F4EE250E66}"
EndProject
Project("{FAE04EC0-301F-11D3-BF4B-00C04F79EFBC}") = "TintaEspacialLucaFront.Client", "TintaEspacialLucaFront\Client\TintaEspacialLucaFront.Client.csproj", "{2B17E41E-1A43-43A7-9FE1-F6E2EAD5B5A8}"
EndProject
Project("{FAE04EC0-301F-11D3-BF4B-00C04F79EFBC}") = "TintaEspacialLucaFront.Shared", "TintaEspacialLucaFront\Shared\TintaEspacialLucaFront.Shared.csproj", "{28DA68BF-FC30-45CD-91EC-91B2E6369EB5}"
EndProject
Global
	GlobalSection(SolutionConfigurationPlatforms) = preSolution
		Debug|Any CPU = Debug|Any CPU
		Release|Any CPU = Release|Any CPU
	EndGlobalSection
	GlobalSection(ProjectConfigurationPlatforms) = postSolution
		{F73EF163-EFA4-4171-8906-66F4EE250E66}.Debug|Any CPU.ActiveCfg = Debug|Any CPU
		{F73EF163-EFA4-4171-8906-66F4EE250E66}.Debug|Any CPU.Build.0 = Debug|Any CPU
		{F73EF163-EFA4-4171-8906-66F4EE250E66}.Release|Any CPU.ActiveCfg = Release|Any CPU
		{F73EF163-EFA4-4171-8906-66F4EE250E66}.Release|Any CPU.Build.0 = Release|Any CPU
		{2B17E41E-1A43-43A7-9FE1-F6E2EAD5B5A8}.Debug|Any CPU.ActiveCfg = Debug|Any CPU
		{2B17E41E-1A43-43A7-9FE1-F6E2EAD5B5A8}.Debug|Any CPU.Build.0 = Debug|Any CPU
		{2B17E41E-1A43-43A7-9FE1-F6E2EAD5B5A8}.Release|Any CPU.ActiveCfg = Release|Any CPU
		{2B17E41E-1A43-43A7-9FE1-F6E2EAD5B5A8}.Release|Any CPU.Build.0 = Release|Any CPU
		{28DA68BF-FC30-45CD-91EC-91B2E6369EB5}.Debug|Any CPU.ActiveCfg = Debug|Any CPU
		{28DA68BF-FC30-45CD-91EC-91B2E6369EB5}.Debug|Any CPU.Build.0 = Debug|Any CPU
		{28DA68BF-FC30-45CD-91EC-91B2E6369EB5}.Release|Any CPU.ActiveCfg = Release|Any CPU
		{28DA68BF-FC30-45CD-91EC-91B2E6369EB5}.Release|Any CPU.Build.0 = Release|Any CPU
	EndGlobalSection
	GlobalSection(SolutionProperties) = preSolution
		HideSolutionNode = FALSE
	EndGlobalSection
	GlobalSection(ExtensibilityGlobals) = postSolution
		SolutionGuid = {06F5F086-772B-4A01-973D-0EEDB8AF4AEB}
	EndGlobalSection
EndGlobal
